PODS:
  - FaceTecSDK (9.0.4)
  - Kvalifika (0.2.2):
    - FaceTecSDK (= 9.0.4)

DEPENDENCIES:
  - Kvalifika

SPEC REPOS:
  https://github.com/Kvalifika/kvalifika-cocoapods-specs.git:
    - Kvalifika
  https://github.com/Kvalifika/zoom-cocoapods-specs.git:
    - FaceTecSDK

SPEC CHECKSUMS:
  FaceTecSDK: c71e5db76bd6cc1f6065dbc32f933995b26ec6d7
  Kvalifika: 4be151c8981efc7ed3271e06b51f9cce203feb4b

PODFILE CHECKSUM: db07d4dc8412fd5c4912f052d8fcdad7b2433026

COCOAPODS: 1.10.1
