PODS:
  - FaceTecSDK (9.0.5)
  - Kvalifika (0.4.1):
    - FaceTecSDK (= 9.0.5)

DEPENDENCIES:
  - Kvalifika

SPEC REPOS:
  https://github.com/Kvalifika/kvalifika-cocoapods-specs.git:
    - Kvalifika
  https://github.com/Kvalifika/zoom-cocoapods-specs.git:
    - FaceTecSDK

SPEC CHECKSUMS:
  FaceTecSDK: 1e5fdb0d062376be2be1691bb9ee198380c5ba39
  Kvalifika: 52fc3fc9eee4840605b94f17a2a06958326e8e2b

PODFILE CHECKSUM: 65bd50bffa354a9706f4a3e83bc3cfe56ee71928

COCOAPODS: 1.10.1
