PODS:
  - FaceTecSDK (9.0.4)
  - Kvalifika (0.0.5):
    - FaceTecSDK (= 9.0.4)

DEPENDENCIES:
  - Kvalifika

SPEC REPOS:
  https://github.com/Kvalifika/kvalifika-cocoapods-specs.git:
    - Kvalifika
  https://github.com/Kvalifika/zoom-cocoapods-specs.git:
    - FaceTecSDK

SPEC CHECKSUMS:
  FaceTecSDK: af47e4fa033e2c2bc8b18d977ed7a2f961763095
  Kvalifika: 00c60b7dba531ac3d1c5824dfc9f8c5b2f74e7e1

PODFILE CHECKSUM: add96f5363a9faa1b71ef632f4d49aee6d6db1a9

COCOAPODS: 1.10.1
